// !$*UTF8*$!
{
	archiveVersion = 1;
	classes = {
	};
	objectVersion = 46;
	objects = {

/* Begin PBXBuildFile section */
		D74797601C18CAFA00659907 /* secondViewController.swift in Sources */ = {isa = PBXBuildFile; fileRef = D747975F1C18CAFA00659907 /* secondViewController.swift */; };
		D74797621C18CB2500659907 /* thirdViewController.swift in Sources */ = {isa = PBXBuildFile; fileRef = D74797611C18CB2500659907 /* thirdViewController.swift */; };
		D7D6505A1C1A1548004A8B09 /* fourthViewController.swift in Sources */ = {isa = PBXBuildFile; fileRef = D7D650591C1A1548004A8B09 /* fourthViewController.swift */; };
		D7D6505C1C1A1AC8004A8B09 /* madLib.swift in Sources */ = {isa = PBXBuildFile; fileRef = D7D6505B1C1A1AC8004A8B09 /* madLib.swift */; };
		D7DFC1621C122D35009439F2 /* AppDelegate.swift in Sources */ = {isa = PBXBuildFile; fileRef = D7DFC1611C122D35009439F2 /* AppDelegate.swift */; };
		D7DFC1641C122D35009439F2 /* ViewController.swift in Sources */ = {isa = PBXBuildFile; fileRef = D7DFC1631C122D35009439F2 /* ViewController.swift */; };
		D7DFC1671C122D35009439F2 /* Main.storyboard in Resources */ = {isa = PBXBuildFile; fileRef = D7DFC1651C122D35009439F2 /* Main.storyboard */; };
		D7DFC1691C122D35009439F2 /* Assets.xcassets in Resources */ = {isa = PBXBuildFile; fileRef = D7DFC1681C122D35009439F2 /* Assets.xcassets */; };
		D7DFC16C1C122D35009439F2 /* LaunchScreen.storyboard in Resources */ = {isa = PBXBuildFile; fileRef = D7DFC16A1C122D35009439F2 /* LaunchScreen.storyboard */; };
		D7DFC1771C122D35009439F2 /* madLibAppTests.swift in Sources */ = {isa = PBXBuildFile; fileRef = D7DFC1761C122D35009439F2 /* madLibAppTests.swift */; };
		D7DFC1821C122D35009439F2 /* madLibAppUITests.swift in Sources */ = {isa = PBXBuildFile; fileRef = D7DFC1811C122D35009439F2 /* madLibAppUITests.swift */; };
		D7DFC1901C122E41009439F2 /* firstViewController.swift in Sources */ = {isa = PBXBuildFile; fileRef = D7DFC18F1C122E41009439F2 /* firstViewController.swift */; };
/* End PBXBuildFile section */

/* Begin PBXContainerItemProxy section */
		D7DFC1731C122D35009439F2 /* PBXContainerItemProxy */ = {
			isa = PBXContainerItemProxy;
			containerPortal = D7DFC1561C122D35009439F2 /* Project object */;
			proxyType = 1;
			remoteGlobalIDString = D7DFC15D1C122D35009439F2;
			remoteInfo = madLibApp;
		};
		D7DFC17E1C122D35009439F2 /* PBXContainerItemProxy */ = {
			isa = PBXContainerItemProxy;
			containerPortal = D7DFC1561C122D35009439F2 /* Project object */;
			proxyType = 1;
			remoteGlobalIDString = D7DFC15D1C122D35009439F2;
			remoteInfo = madLibApp;
		};
/* End PBXContainerItemProxy section */

/* Begin PBXFileReference section */
		D747975F1C18CAFA00659907 /* secondViewController.swift */ = {isa = PBXFileReference; fileEncoding = 4; lastKnownFileType = sourcecode.swift; path = secondViewController.swift; sourceTree = "<group>"; };
		D74797611C18CB2500659907 /* thirdViewController.swift */ = {isa = PBXFileReference; fileEncoding = 4; lastKnownFileType = sourcecode.swift; path = thirdViewController.swift; sourceTree = "<group>"; };
		D7D650591C1A1548004A8B09 /* fourthViewController.swift */ = {isa = PBXFileReference; fileEncoding = 4; lastKnownFileType = sourcecode.swift; path = fourthViewController.swift; sourceTree = "<group>"; };
		D7D6505B1C1A1AC8004A8B09 /* madLib.swift */ = {isa = PBXFileReference; fileEncoding = 4; lastKnownFileType = sourcecode.swift; name = madLib.swift; path = ../madLib.swift; sourceTree = "<group>"; };
		D7DFC15E1C122D35009439F2 /* madLibApp.app */ = {isa = PBXFileReference; explicitFileType = wrapper.application; includeInIndex = 0; path = madLibApp.app; sourceTree = BUILT_PRODUCTS_DIR; };
		D7DFC1611C122D35009439F2 /* AppDelegate.swift */ = {isa = PBXFileReference; lastKnownFileType = sourcecode.swift; path = AppDelegate.swift; sourceTree = "<group>"; };
		D7DFC1631C122D35009439F2 /* ViewController.swift */ = {isa = PBXFileReference; lastKnownFileType = sourcecode.swift; path = ViewController.swift; sourceTree = "<group>"; };
		D7DFC1661C122D35009439F2 /* Base */ = {isa = PBXFileReference; lastKnownFileType = file.storyboard; name = Base; path = Base.lproj/Main.storyboard; sourceTree = "<group>"; };
		D7DFC1681C122D35009439F2 /* Assets.xcassets */ = {isa = PBXFileReference; lastKnownFileType = folder.assetcatalog; path = Assets.xcassets; sourceTree = "<group>"; };
		D7DFC16B1C122D35009439F2 /* Base */ = {isa = PBXFileReference; lastKnownFileType = file.storyboard; name = Base; path = Base.lproj/LaunchScreen.storyboard; sourceTree = "<group>"; };
		D7DFC16D1C122D35009439F2 /* Info.plist */ = {isa = PBXFileReference; lastKnownFileType = text.plist.xml; path = Info.plist; sourceTree = "<group>"; };
		D7DFC1721C122D35009439F2 /* madLibAppTests.xctest */ = {isa = PBXFileReference; explicitFileType = wrapper.cfbundle; includeInIndex = 0; path = madLibAppTests.xctest; sourceTree = BUILT_PRODUCTS_DIR; };
		D7DFC1761C122D35009439F2 /* madLibAppTests.swift */ = {isa = PBXFileReference; lastKnownFileType = sourcecode.swift; path = madLibAppTests.swift; sourceTree = "<group>"; };
		D7DFC1781C122D35009439F2 /* Info.plist */ = {isa = PBXFileReference; lastKnownFileType = text.plist.xml; path = Info.plist; sourceTree = "<group>"; };
		D7DFC17D1C122D35009439F2 /* madLibAppUITests.xctest */ = {isa = PBXFileReference; explicitFileType = wrapper.cfbundle; includeInIndex = 0; path = madLibAppUITests.xctest; sourceTree = BUILT_PRODUCTS_DIR; };
		D7DFC1811C122D35009439F2 /* madLibAppUITests.swift */ = {isa = PBXFileReference; lastKnownFileType = sourcecode.swift; path = madLibAppUITests.swift; sourceTree = "<group>"; };
		D7DFC1831C122D35009439F2 /* Info.plist */ = {isa = PBXFileReference; lastKnownFileType = text.plist.xml; path = Info.plist; sourceTree = "<group>"; };
		D7DFC18F1C122E41009439F2 /* firstViewController.swift */ = {isa = PBXFileReference; fileEncoding = 4; lastKnownFileType = sourcecode.swift; path = firstViewController.swift; sourceTree = "<group>"; };
/* End PBXFileReference section */

/* Begin PBXFrameworksBuildPhase section */
		D7DFC15B1C122D35009439F2 /* Frameworks */ = {
			isa = PBXFrameworksBuildPhase;
			buildActionMask = 2147483647;
			files = (
			);
			runOnlyForDeploymentPostprocessing = 0;
		};
		D7DFC16F1C122D35009439F2 /* Frameworks */ = {
			isa = PBXFrameworksBuildPhase;
			buildActionMask = 2147483647;
			files = (
			);
			runOnlyForDeploymentPostprocessing = 0;
		};
		D7DFC17A1C122D35009439F2 /* Frameworks */ = {
			isa = PBXFrameworksBuildPhase;
			buildActionMask = 2147483647;
			files = (
			);
			runOnlyForDeploymentPostprocessing = 0;
		};
/* End PBXFrameworksBuildPhase section */

/* Begin PBXGroup section */
		D7DFC1551C122D35009439F2 = {
			isa = PBXGroup;
			children = (
				D7DFC1601C122D35009439F2 /* madLibApp */,
				D7DFC1751C122D35009439F2 /* madLibAppTests */,
				D7DFC1801C122D35009439F2 /* madLibAppUITests */,
				D7DFC15F1C122D35009439F2 /* Products */,
			);
			sourceTree = "<group>";
		};
		D7DFC15F1C122D35009439F2 /* Products */ = {
			isa = PBXGroup;
			children = (
				D7DFC15E1C122D35009439F2 /* madLibApp.app */,
				D7DFC1721C122D35009439F2 /* madLibAppTests.xctest */,
				D7DFC17D1C122D35009439F2 /* madLibAppUITests.xctest */,
			);
			name = Products;
			sourceTree = "<group>";
		};
		D7DFC1601C122D35009439F2 /* madLibApp */ = {
			isa = PBXGroup;
			children = (
				D7D6505B1C1A1AC8004A8B09 /* madLib.swift */,
				D7DFC1611C122D35009439F2 /* AppDelegate.swift */,
				D7DFC1631C122D35009439F2 /* ViewController.swift */,
				D747975F1C18CAFA00659907 /* secondViewController.swift */,
				D7D650591C1A1548004A8B09 /* fourthViewController.swift */,
				D7DFC1651C122D35009439F2 /* Main.storyboard */,
				D74797611C18CB2500659907 /* thirdViewController.swift */,
				D7DFC18F1C122E41009439F2 /* firstViewController.swift */,
				D7DFC1681C122D35009439F2 /* Assets.xcassets */,
				D7DFC16A1C122D35009439F2 /* LaunchScreen.storyboard */,
				D7DFC16D1C122D35009439F2 /* Info.plist */,
			);
			path = madLibApp;
			sourceTree = "<group>";
		};
		D7DFC1751C122D35009439F2 /* madLibAppTests */ = {
			isa = PBXGroup;
			children = (
				D7DFC1761C122D35009439F2 /* madLibAppTests.swift */,
				D7DFC1781C122D35009439F2 /* Info.plist */,
			);
			path = madLibAppTests;
			sourceTree = "<group>";
		};
		D7DFC1801C122D35009439F2 /* madLibAppUITests */ = {
			isa = PBXGroup;
			children = (
				D7DFC1811C122D35009439F2 /* madLibAppUITests.swift */,
				D7DFC1831C122D35009439F2 /* Info.plist */,
			);
			path = madLibAppUITests;
			sourceTree = "<group>";
		};
/* End PBXGroup section */

/* Begin PBXNativeTarget section */
		D7DFC15D1C122D35009439F2 /* madLibApp */ = {
			isa = PBXNativeTarget;
			buildConfigurationList = D7DFC1861C122D35009439F2 /* Build configuration list for PBXNativeTarget "madLibApp" */;
			buildPhases = (
				D7DFC15A1C122D35009439F2 /* Sources */,
				D7DFC15B1C122D35009439F2 /* Frameworks */,
				D7DFC15C1C122D35009439F2 /* Resources */,
			);
			buildRules = (
			);
			dependencies = (
			);
			name = madLibApp;
			productName = madLibApp;
			productReference = D7DFC15E1C122D35009439F2 /* madLibApp.app */;
			productType = "com.apple.product-type.application";
		};
		D7DFC1711C122D35009439F2 /* madLibAppTests */ = {
			isa = PBXNativeTarget;
			buildConfigurationList = D7DFC1891C122D35009439F2 /* Build configuration list for PBXNativeTarget "madLibAppTests" */;
			buildPhases = (
				D7DFC16E1C122D35009439F2 /* Sources */,
				D7DFC16F1C122D35009439F2 /* Frameworks */,
				D7DFC1701C122D35009439F2 /* Resources */,
			);
			buildRules = (
			);
			dependencies = (
				D7DFC1741C122D35009439F2 /* PBXTargetDependency */,
			);
			name = madLibAppTests;
			productName = madLibAppTests;
			productReference = D7DFC1721C122D35009439F2 /* madLibAppTests.xctest */;
			productType = "com.apple.product-type.bundle.unit-test";
		};
		D7DFC17C1C122D35009439F2 /* madLibAppUITests */ = {
			isa = PBXNativeTarget;
			buildConfigurationList = D7DFC18C1C122D35009439F2 /* Build configuration list for PBXNativeTarget "madLibAppUITests" */;
			buildPhases = (
				D7DFC1791C122D35009439F2 /* Sources */,
				D7DFC17A1C122D35009439F2 /* Frameworks */,
				D7DFC17B1C122D35009439F2 /* Resources */,
			);
			buildRules = (
			);
			dependencies = (
				D7DFC17F1C122D35009439F2 /* PBXTargetDependency */,
			);
			name = madLibAppUITests;
			productName = madLibAppUITests;
			productReference = D7DFC17D1C122D35009439F2 /* madLibAppUITests.xctest */;
			productType = "com.apple.product-type.bundle.ui-testing";
		};
/* End PBXNativeTarget section */

/* Begin PBXProject section */
		D7DFC1561C122D35009439F2 /* Project object */ = {
			isa = PBXProject;
			attributes = {
				LastSwiftUpdateCheck = 0710;
				LastUpgradeCheck = 0710;
				ORGANIZATIONNAME = JohnHerseyHighSchool;
				TargetAttributes = {
					D7DFC15D1C122D35009439F2 = {
						CreatedOnToolsVersion = 7.1;
					};
					D7DFC1711C122D35009439F2 = {
						CreatedOnToolsVersion = 7.1;
						TestTargetID = D7DFC15D1C122D35009439F2;
					};
					D7DFC17C1C122D35009439F2 = {
						CreatedOnToolsVersion = 7.1;
						TestTargetID = D7DFC15D1C122D35009439F2;
					};
				};
			};
			buildConfigurationList = D7DFC1591C122D35009439F2 /* Build configuration list for PBXProject "madLibApp" */;
			compatibilityVersion = "Xcode 3.2";
			developmentRegion = English;
			hasScannedForEncodings = 0;
			knownRegions = (
				en,
				Base,
			);
			mainGroup = D7DFC1551C122D35009439F2;
			productRefGroup = D7DFC15F1C122D35009439F2 /* Products */;
			projectDirPath = "";
			projectRoot = "";
			targets = (
				D7DFC15D1C122D35009439F2 /* madLibApp */,
				D7DFC1711C122D35009439F2 /* madLibAppTests */,
				D7DFC17C1C122D35009439F2 /* madLibAppUITests */,
			);
		};
/* End PBXProject section */

/* Begin PBXResourcesBuildPhase section */
		D7DFC15C1C122D35009439F2 /* Resources */ = {
			isa = PBXResourcesBuildPhase;
			buildActionMask = 2147483647;
			files = (
				D7DFC16C1C122D35009439F2 /* LaunchScreen.storyboard in Resources */,
				D7DFC1691C122D35009439F2 /* Assets.xcassets in Resources */,
				D7DFC1671C122D35009439F2 /* Main.storyboard in Resources */,
			);
			runOnlyForDeploymentPostprocessing = 0;
		};
		D7DFC1701C122D35009439F2 /* Resources */ = {
			isa = PBXResourcesBuildPhase;
			buildActionMask = 2147483647;
			files = (
			);
			runOnlyForDeploymentPostprocessing = 0;
		};
		D7DFC17B1C122D35009439F2 /* Resources */ = {
			isa = PBXResourcesBuildPhase;
			buildActionMask = 2147483647;
			files = (
			);
			runOnlyForDeploymentPostprocessing = 0;
		};
/* End PBXResourcesBuildPhase section */

/* Begin PBXSourcesBuildPhase section */
		D7DFC15A1C122D35009439F2 /* Sources */ = {
			isa = PBXSourcesBuildPhase;
			buildActionMask = 2147483647;
			files = (
				D7D6505C1C1A1AC8004A8B09 /* madLib.swift in Sources */,
				D7DFC1641C122D35009439F2 /* ViewController.swift in Sources */,
				D7D6505A1C1A1548004A8B09 /* fourthViewController.swift in Sources */,
				D74797621C18CB2500659907 /* thirdViewController.swift in Sources */,
				D7DFC1621C122D35009439F2 /* AppDelegate.swift in Sources */,
				D74797601C18CAFA00659907 /* secondViewController.swift in Sources */,
				D7DFC1901C122E41009439F2 /* firstViewController.swift in Sources */,
			);
			runOnlyForDeploymentPostprocessing = 0;
		};
		D7DFC16E1C122D35009439F2 /* Sources */ = {
			isa = PBXSourcesBuildPhase;
			buildActionMask = 2147483647;
			files = (
				D7DFC1771C122D35009439F2 /* madLibAppTests.swift in Sources */,
			);
			runOnlyForDeploymentPostprocessing = 0;
		};
		D7DFC1791C122D35009439F2 /* Sources */ = {
			isa = PBXSourcesBuildPhase;
			buildActionMask = 2147483647;
			files = (
				D7DFC1821C122D35009439F2 /* madLibAppUITests.swift in Sources */,
			);
			runOnlyForDeploymentPostprocessing = 0;
		};
/* End PBXSourcesBuildPhase section */

/* Begin PBXTargetDependency section */
		D7DFC1741C122D35009439F2 /* PBXTargetDependency */ = {
			isa = PBXTargetDependency;
			target = D7DFC15D1C122D35009439F2 /* madLibApp */;
			targetProxy = D7DFC1731C122D35009439F2 /* PBXContainerItemProxy */;
		};
		D7DFC17F1C122D35009439F2 /* PBXTargetDependency */ = {
			isa = PBXTargetDependency;
			target = D7DFC15D1C122D35009439F2 /* madLibApp */;
			targetProxy = D7DFC17E1C122D35009439F2 /* PBXContainerItemProxy */;
		};
/* End PBXTargetDependency section */

/* Begin PBXVariantGroup section */
		D7DFC1651C122D35009439F2 /* Main.storyboard */ = {
			isa = PBXVariantGroup;
			children = (
				D7DFC1661C122D35009439F2 /* Base */,
			);
			name = Main.storyboard;
			sourceTree = "<group>";
		};
		D7DFC16A1C122D35009439F2 /* LaunchScreen.storyboard */ = {
			isa = PBXVariantGroup;
			children = (
				D7DFC16B1C122D35009439F2 /* Base */,
			);
			name = LaunchScreen.storyboard;
			sourceTree = "<group>";
		};
/* End PBXVariantGroup section */

/* Begin XCBuildConfiguration section */
		D7DFC1841C122D35009439F2 /* Debug */ = {
			isa = XCBuildConfiguration;
			buildSettings = {
				ALWAYS_SEARCH_USER_PATHS = NO;
				CLANG_CXX_LANGUAGE_STANDARD = "gnu++0x";
				CLANG_CXX_LIBRARY = "libc++";
				CLANG_ENABLE_MODULES = YES;
				CLANG_ENABLE_OBJC_ARC = YES;
				CLANG_WARN_BOOL_CONVERSION = YES;
				CLANG_WARN_CONSTANT_CONVERSION = YES;
				CLANG_WARN_DIRECT_OBJC_ISA_USAGE = YES_ERROR;
				CLANG_WARN_EMPTY_BODY = YES;
				CLANG_WARN_ENUM_CONVERSION = YES;
				CLANG_WARN_INT_CONVERSION = YES;
				CLANG_WARN_OBJC_ROOT_CLASS = YES_ERROR;
				CLANG_WARN_UNREACHABLE_CODE = YES;
				CLANG_WARN__DUPLICATE_METHOD_MATCH = YES;
				"CODE_SIGN_IDENTITY[sdk=iphoneos*]" = "iPhone Developer";
				COPY_PHASE_STRIP = NO;
				DEBUG_INFORMATION_FORMAT = dwarf;
				ENABLE_STRICT_OBJC_MSGSEND = YES;
				ENABLE_TESTABILITY = YES;
				GCC_C_LANGUAGE_STANDARD = gnu99;
				GCC_DYNAMIC_NO_PIC = NO;
				GCC_NO_COMMON_BLOCKS = YES;
				GCC_OPTIMIZATION_LEVEL = 0;
				GCC_PREPROCESSOR_DEFINITIONS = (
					"DEBUG=1",
					"$(inherited)",
				);
				GCC_WARN_64_TO_32_BIT_CONVERSION = YES;
				GCC_WARN_ABOUT_RETURN_TYPE = YES_ERROR;
				GCC_WARN_UNDECLARED_SELECTOR = YES;
				GCC_WARN_UNINITIALIZED_AUTOS = YES_AGGRESSIVE;
				GCC_WARN_UNUSED_FUNCTION = YES;
				GCC_WARN_UNUSED_VARIABLE = YES;
				IPHONEOS_DEPLOYMENT_TARGET = 9.1;
				MTL_ENABLE_DEBUG_INFO = YES;
				ONLY_ACTIVE_ARCH = YES;
				SDKROOT = iphoneos;
				SWIFT_OPTIMIZATION_LEVEL = "-Onone";
				TARGETED_DEVICE_FAMILY = "1,2";
			};
			name = Debug;
		};
		D7DFC1851C122D35009439F2 /* Release */ = {
			isa = XCBuildConfiguration;
			buildSettings = {
				ALWAYS_SEARCH_USER_PATHS = NO;
				CLANG_CXX_LANGUAGE_STANDARD = "gnu++0x";
				CLANG_CXX_LIBRARY = "libc++";
				CLANG_ENABLE_MODULES = YES;
				CLANG_ENABLE_OBJC_ARC = YES;
				CLANG_WARN_BOOL_CONVERSION = YES;
				CLANG_WARN_CONSTANT_CONVERSION = YES;
				CLANG_WARN_DIRECT_OBJC_ISA_USAGE = YES_ERROR;
				CLANG_WARN_EMPTY_BODY = YES;
				CLANG_WARN_ENUM_CONVERSION = YES;
				CLANG_WARN_INT_CONVERSION = YES;
				CLANG_WARN_OBJC_ROOT_CLASS = YES_ERROR;
				CLANG_WARN_UNREACHABLE_CODE = YES;
				CLANG_WARN__DUPLICATE_METHOD_MATCH = YES;
				"CODE_SIGN_IDENTITY[sdk=iphoneos*]" = "iPhone Developer";
				COPY_PHASE_STRIP = NO;
				DEBUG_INFORMATION_FORMAT = "dwarf-with-dsym";
				ENABLE_NS_ASSERTIONS = NO;
				ENABLE_STRICT_OBJC_MSGSEND = YES;
				GCC_C_LANGUAGE_STANDARD = gnu99;
				GCC_NO_COMMON_BLOCKS = YES;
				GCC_WARN_64_TO_32_BIT_CONVERSION = YES;
				GCC_WARN_ABOUT_RETURN_TYPE = YES_ERROR;
				GCC_WARN_UNDECLARED_SELECTOR = YES;
				GCC_WARN_UNINITIALIZED_AUTOS = YES_AGGRESSIVE;
				GCC_WARN_UNUSED_FUNCTION = YES;
				GCC_WARN_UNUSED_VARIABLE = YES;
				IPHONEOS_DEPLOYMENT_TARGET = 9.1;
				MTL_ENABLE_DEBUG_INFO = NO;
				SDKROOT = iphoneos;
				TARGETED_DEVICE_FAMILY = "1,2";
				VALIDATE_PRODUCT = YES;
			};
			name = Release;
		};
		D7DFC1871C122D35009439F2 /* Debug */ = {
			isa = XCBuildConfiguration;
			buildSettings = {
				ASSETCATALOG_COMPILER_APPICON_NAME = AppIcon;
				INFOPLIST_FILE = madLibApp/Info.plist;
				LD_RUNPATH_SEARCH_PATHS = "$(inherited) @executable_path/Frameworks";
				PRODUCT_BUNDLE_IDENTIFIER = JHHS.madLibApp;
				PRODUCT_NAME = "$(TARGET_NAME)";
			};
			name = Debug;
		};
		D7DFC1881C122D35009439F2 /* Release */ = {
			isa = XCBuildConfiguration;
			buildSettings = {
				ASSETCATALOG_COMPILER_APPICON_NAME = AppIcon;
				INFOPLIST_FILE = madLibApp/Info.plist;
				LD_RUNPATH_SEARCH_PATHS = "$(inherited) @executable_path/Frameworks";
				PRODUCT_BUNDLE_IDENTIFIER = JHHS.madLibApp;
				PRODUCT_NAME = "$(TARGET_NAME)";
			};
			name = Release;
		};
		D7DFC18A1C122D35009439F2 /* Debug */ = {
			isa = XCBuildConfiguration;
			buildSettings = {
				BUNDLE_LOADER = "$(TEST_HOST)";
				INFOPLIST_FILE = madLibAppTests/Info.plist;
				LD_RUNPATH_SEARCH_PATHS = "$(inherited) @executable_path/Frameworks @loader_path/Frameworks";
				PRODUCT_BUNDLE_IDENTIFIER = JHHS.madLibAppTests;
				PRODUCT_NAME = "$(TARGET_NAME)";
				TEST_HOST = "$(BUILT_PRODUCTS_DIR)/madLibApp.app/madLibApp";
			};
			name = Debug;
		};
		D7DFC18B1C122D35009439F2 /* Release */ = {
			isa = XCBuildConfiguration;
			buildSettings = {
				BUNDLE_LOADER = "$(TEST_HOST)";
				INFOPLIST_FILE = madLibAppTests/Info.plist;
				LD_RUNPATH_SEARCH_PATHS = "$(inherited) @executable_path/Frameworks @loader_path/Frameworks";
				PRODUCT_BUNDLE_IDENTIFIER = JHHS.madLibAppTests;
				PRODUCT_NAME = "$(TARGET_NAME)";
				TEST_HOST = "$(BUILT_PRODUCTS_DIR)/madLibApp.app/madLibApp";
			};
			name = Release;
		};
		D7DFC18D1C122D35009439F2 /* Debug */ = {
			isa = XCBuildConfiguration;
			buildSettings = {
				INFOPLIST_FILE = madLibAppUITests/Info.plist;
				LD_RUNPATH_SEARCH_PATHS = "$(inherited) @executable_path/Frameworks @loader_path/Frameworks";
				PRODUCT_BUNDLE_IDENTIFIER = JHHS.madLibAppUITests;
				PRODUCT_NAME = "$(TARGET_NAME)";
				TEST_TARGET_NAME = madLibApp;
				USES_XCTRUNNER = YES;
			};
			name = Debug;
		};
		D7DFC18E1C122D35009439F2 /* Release */ = {
			isa = XCBuildConfiguration;
			buildSettings = {
				INFOPLIST_FILE = madLibAppUITests/Info.plist;
				LD_RUNPATH_SEARCH_PATHS = "$(inherited) @executable_path/Frameworks @loader_path/Frameworks";
				PRODUCT_BUNDLE_IDENTIFIER = JHHS.madLibAppUITests;
				PRODUCT_NAME = "$(TARGET_NAME)";
				TEST_TARGET_NAME = madLibApp;
				USES_XCTRUNNER = YES;
			};
			name = Release;
		};
/* End XCBuildConfiguration section */

/* Begin XCConfigurationList section */
		D7DFC1591C122D35009439F2 /* Build configuration list for PBXProject "madLibApp" */ = {
			isa = XCConfigurationList;
			buildConfigurations = (
				D7DFC1841C122D35009439F2 /* Debug */,
				D7DFC1851C122D35009439F2 /* Release */,
			);
			defaultConfigurationIsVisible = 0;
			defaultConfigurationName = Release;
		};
		D7DFC1861C122D35009439F2 /* Build configuration list for PBXNativeTarget "madLibApp" */ = {
			isa = XCConfigurationList;
			buildConfigurations = (
				D7DFC1871C122D35009439F2 /* Debug */,
				D7DFC1881C122D35009439F2 /* Release */,
			);
			defaultConfigurationIsVisible = 0;
			defaultConfigurationName = Release;
		};
		D7DFC1891C122D35009439F2 /* Build configuration list for PBXNativeTarget "madLibAppTests" */ = {
			isa = XCConfigurationList;
			buildConfigurations = (
				D7DFC18A1C122D35009439F2 /* Debug */,
				D7DFC18B1C122D35009439F2 /* Release */,
			);
			defaultConfigurationIsVisible = 0;
			defaultConfigurationName = Release;
		};
		D7DFC18C1C122D35009439F2 /* Build configuration list for PBXNativeTarget "madLibAppUITests" */ = {
			isa = XCConfigurationList;
			buildConfigurations = (
				D7DFC18D1C122D35009439F2 /* Debug */,
				D7DFC18E1C122D35009439F2 /* Release */,
			);
			defaultConfigurationIsVisible = 0;
			defaultConfigurationName = Release;
		};
/* End XCConfigurationList section */
	};
	rootObject = D7DFC1561C122D35009439F2 /* Project object */;
}
